
Microsoft Visual Studio Solution File, Format Version 12.00
# Visual Studio 15
VisualStudioVersion = 15.0.28307.421
MinimumVisualStudioVersion = 10.0.40219.1
Project("{FAE04EC0-301F-11D3-BF4B-00C04F79EFBC}") = "projeto_vs", "projeto_vs\projeto_vs.csproj", "{49C1D31C-7E0E-4E64-B31D-11A635277702}"
EndProject
Project("{FAE04EC0-301F-11D3-BF4B-00C04F79EFBC}") = "DropboxApi.Tests", "DropboxApi.Tests\DropboxApi.Tests.csproj", "{D3630853-FF85-4AB1-89F1-0C3827263FCB}"
EndProject
Global
	GlobalSection(SolutionConfigurationPlatforms) = preSolution
		Debug|Any CPU = Debug|Any CPU
		Release|Any CPU = Release|Any CPU
	EndGlobalSection
	GlobalSection(ProjectConfigurationPlatforms) = postSolution
		{49C1D31C-7E0E-4E64-B31D-11A635277702}.Debug|Any CPU.ActiveCfg = Debug|Any CPU
		{49C1D31C-7E0E-4E64-B31D-11A635277702}.Debug|Any CPU.Build.0 = Debug|Any CPU
		{49C1D31C-7E0E-4E64-B31D-11A635277702}.Release|Any CPU.ActiveCfg = Release|Any CPU
		{49C1D31C-7E0E-4E64-B31D-11A635277702}.Release|Any CPU.Build.0 = Release|Any CPU
		{D3630853-FF85-4AB1-89F1-0C3827263FCB}.Debug|Any CPU.ActiveCfg = Debug|Any CPU
		{D3630853-FF85-4AB1-89F1-0C3827263FCB}.Debug|Any CPU.Build.0 = Debug|Any CPU
		{D3630853-FF85-4AB1-89F1-0C3827263FCB}.Release|Any CPU.ActiveCfg = Release|Any CPU
		{D3630853-FF85-4AB1-89F1-0C3827263FCB}.Release|Any CPU.Build.0 = Release|Any CPU
	EndGlobalSection
	GlobalSection(SolutionProperties) = preSolution
		HideSolutionNode = FALSE
	EndGlobalSection
	GlobalSection(ExtensibilityGlobals) = postSolution
		SolutionGuid = {612B2FBC-68DD-4198-9ADF-AAC3008F4B65}
	EndGlobalSection
EndGlobal
